
Microsoft Visual Studio Solution File, Format Version 12.00
# Visual Studio Version 17
VisualStudioVersion = 17.7.34031.279
MinimumVisualStudioVersion = 10.0.40219.1
Project("{FAE04EC0-301F-11D3-BF4B-00C04F79EFBC}") = "TherapEase-API", "TherapEase-API\TherapEase-API.csproj", "{377DA819-9356-4D5E-8DEA-B5516B5798BA}"
EndProject
Global
	GlobalSection(SolutionConfigurationPlatforms) = preSolution
		Debug|Any CPU = Debug|Any CPU
		Release|Any CPU = Release|Any CPU
	EndGlobalSection
	GlobalSection(ProjectConfigurationPlatforms) = postSolution
		{377DA819-9356-4D5E-8DEA-B5516B5798BA}.Debug|Any CPU.ActiveCfg = Debug|Any CPU
		{377DA819-9356-4D5E-8DEA-B5516B5798BA}.Debug|Any CPU.Build.0 = Debug|Any CPU
		{377DA819-9356-4D5E-8DEA-B5516B5798BA}.Release|Any CPU.ActiveCfg = Release|Any CPU
		{377DA819-9356-4D5E-8DEA-B5516B5798BA}.Release|Any CPU.Build.0 = Release|Any CPU
	EndGlobalSection
	GlobalSection(SolutionProperties) = preSolution
		HideSolutionNode = FALSE
	EndGlobalSection
	GlobalSection(ExtensibilityGlobals) = postSolution
		SolutionGuid = {BCCEDA39-802A-4211-AB79-3C9B009626DA}
	EndGlobalSection
EndGlobal
